// !$*UTF8*$!
{
	archiveVersion = 1;
	classes = {
	};
	objectVersion = 46;
	objects = {

/* Begin PBXBuildFile section */
		9AEF45121E9ACC9A002556A7 /* AppDelegate.swift in Sources */ = {isa = PBXBuildFile; fileRef = 9AEF45111E9ACC9A002556A7 /* AppDelegate.swift */; };
		9AEF45141E9ACC9A002556A7 /* ViewController.swift in Sources */ = {isa = PBXBuildFile; fileRef = 9AEF45131E9ACC9A002556A7 /* ViewController.swift */; };
		9AEF45171E9ACC9A002556A7 /* Main.storyboard in Resources */ = {isa = PBXBuildFile; fileRef = 9AEF45151E9ACC9A002556A7 /* Main.storyboard */; };
		9AEF45191E9ACC9A002556A7 /* Assets.xcassets in Resources */ = {isa = PBXBuildFile; fileRef = 9AEF45181E9ACC9A002556A7 /* Assets.xcassets */; };
		9AEF451C1E9ACC9A002556A7 /* LaunchScreen.storyboard in Resources */ = {isa = PBXBuildFile; fileRef = 9AEF451A1E9ACC9A002556A7 /* LaunchScreen.storyboard */; };
		9AEF45251E9ACFD6002556A7 /* WebServiceManager.swift in Sources */ = {isa = PBXBuildFile; fileRef = 9AEF45241E9ACFD6002556A7 /* WebServiceManager.swift */; };
		9AEF45271E9AD1BC002556A7 /* Extension.swift in Sources */ = {isa = PBXBuildFile; fileRef = 9AEF45261E9AD1BC002556A7 /* Extension.swift */; };
		BB2F4338161678D041E2464F /* Pods_WebServiceManager.framework in Frameworks */ = {isa = PBXBuildFile; fileRef = 5FE0203A311BB57F86B7656B /* Pods_WebServiceManager.framework */; };
/* End PBXBuildFile section */

/* Begin PBXFileReference section */
		4B53C9F1C7F1760DE974CEAD /* Pods-WebServiceManager.release.xcconfig */ = {isa = PBXFileReference; includeInIndex = 1; lastKnownFileType = text.xcconfig; name = "Pods-WebServiceManager.release.xcconfig"; path = "Pods/Target Support Files/Pods-WebServiceManager/Pods-WebServiceManager.release.xcconfig"; sourceTree = "<group>"; };
		5FE0203A311BB57F86B7656B /* Pods_WebServiceManager.framework */ = {isa = PBXFileReference; explicitFileType = wrapper.framework; includeInIndex = 0; path = Pods_WebServiceManager.framework; sourceTree = BUILT_PRODUCTS_DIR; };
		9AEF450E1E9ACC9A002556A7 /* WebServiceManager.app */ = {isa = PBXFileReference; explicitFileType = wrapper.application; includeInIndex = 0; path = WebServiceManager.app; sourceTree = BUILT_PRODUCTS_DIR; };
		9AEF45111E9ACC9A002556A7 /* AppDelegate.swift */ = {isa = PBXFileReference; lastKnownFileType = sourcecode.swift; path = AppDelegate.swift; sourceTree = "<group>"; };
		9AEF45131E9ACC9A002556A7 /* ViewController.swift */ = {isa = PBXFileReference; lastKnownFileType = sourcecode.swift; path = ViewController.swift; sourceTree = "<group>"; };
		9AEF45161E9ACC9A002556A7 /* Base */ = {isa = PBXFileReference; lastKnownFileType = file.storyboard; name = Base; path = Base.lproj/Main.storyboard; sourceTree = "<group>"; };
		9AEF45181E9ACC9A002556A7 /* Assets.xcassets */ = {isa = PBXFileReference; lastKnownFileType = folder.assetcatalog; path = Assets.xcassets; sourceTree = "<group>"; };
		9AEF451B1E9ACC9A002556A7 /* Base */ = {isa = PBXFileReference; lastKnownFileType = file.storyboard; name = Base; path = Base.lproj/LaunchScreen.storyboard; sourceTree = "<group>"; };
		9AEF451D1E9ACC9A002556A7 /* Info.plist */ = {isa = PBXFileReference; lastKnownFileType = text.plist.xml; path = Info.plist; sourceTree = "<group>"; };
		9AEF45241E9ACFD6002556A7 /* WebServiceManager.swift */ = {isa = PBXFileReference; fileEncoding = 4; lastKnownFileType = sourcecode.swift; path = WebServiceManager.swift; sourceTree = "<group>"; };
		9AEF45261E9AD1BC002556A7 /* Extension.swift */ = {isa = PBXFileReference; fileEncoding = 4; lastKnownFileType = sourcecode.swift; path = Extension.swift; sourceTree = "<group>"; };
		A48D3380E808B3C31D93BDD5 /* Pods-WebServiceManager.debug.xcconfig */ = {isa = PBXFileReference; includeInIndex = 1; lastKnownFileType = text.xcconfig; name = "Pods-WebServiceManager.debug.xcconfig"; path = "Pods/Target Support Files/Pods-WebServiceManager/Pods-WebServiceManager.debug.xcconfig"; sourceTree = "<group>"; };
/* End PBXFileReference section */

/* Begin PBXFrameworksBuildPhase section */
		9AEF450B1E9ACC9A002556A7 /* Frameworks */ = {
			isa = PBXFrameworksBuildPhase;
			buildActionMask = 2147483647;
			files = (
				BB2F4338161678D041E2464F /* Pods_WebServiceManager.framework in Frameworks */,
			);
			runOnlyForDeploymentPostprocessing = 0;
		};
/* End PBXFrameworksBuildPhase section */

/* Begin PBXGroup section */
		4312BBF6F7732645E3CFE5B2 /* Frameworks */ = {
			isa = PBXGroup;
			children = (
				5FE0203A311BB57F86B7656B /* Pods_WebServiceManager.framework */,
			);
			name = Frameworks;
			sourceTree = "<group>";
		};
		9055FDE915FFC422E6A98237 /* Pods */ = {
			isa = PBXGroup;
			children = (
				A48D3380E808B3C31D93BDD5 /* Pods-WebServiceManager.debug.xcconfig */,
				4B53C9F1C7F1760DE974CEAD /* Pods-WebServiceManager.release.xcconfig */,
			);
			name = Pods;
			sourceTree = "<group>";
		};
		9AEF45051E9ACC9A002556A7 = {
			isa = PBXGroup;
			children = (
				9AEF45101E9ACC9A002556A7 /* WebServiceManager */,
				9AEF450F1E9ACC9A002556A7 /* Products */,
				9055FDE915FFC422E6A98237 /* Pods */,
				4312BBF6F7732645E3CFE5B2 /* Frameworks */,
			);
			sourceTree = "<group>";
		};
		9AEF450F1E9ACC9A002556A7 /* Products */ = {
			isa = PBXGroup;
			children = (
				9AEF450E1E9ACC9A002556A7 /* WebServiceManager.app */,
			);
			name = Products;
			sourceTree = "<group>";
		};
		9AEF45101E9ACC9A002556A7 /* WebServiceManager */ = {
			isa = PBXGroup;
			children = (
				9AEF45231E9ACFC8002556A7 /* NetworkLayer */,
				9AEF45111E9ACC9A002556A7 /* AppDelegate.swift */,
				9AEF45131E9ACC9A002556A7 /* ViewController.swift */,
				9AEF45151E9ACC9A002556A7 /* Main.storyboard */,
				9AEF45181E9ACC9A002556A7 /* Assets.xcassets */,
				9AEF451A1E9ACC9A002556A7 /* LaunchScreen.storyboard */,
				9AEF451D1E9ACC9A002556A7 /* Info.plist */,
			);
			path = WebServiceManager;
			sourceTree = "<group>";
		};
		9AEF45231E9ACFC8002556A7 /* NetworkLayer */ = {
			isa = PBXGroup;
			children = (
				9AEF45241E9ACFD6002556A7 /* WebServiceManager.swift */,
				9AEF45261E9AD1BC002556A7 /* Extension.swift */,
			);
			path = NetworkLayer;
			sourceTree = "<group>";
		};
/* End PBXGroup section */

/* Begin PBXNativeTarget section */
		9AEF450D1E9ACC9A002556A7 /* WebServiceManager */ = {
			isa = PBXNativeTarget;
			buildConfigurationList = 9AEF45201E9ACC9A002556A7 /* Build configuration list for PBXNativeTarget "WebServiceManager" */;
			buildPhases = (
				0D942B60EDFB2B604CF905A2 /* [CP] Check Pods Manifest.lock */,
				9AEF450A1E9ACC9A002556A7 /* Sources */,
				9AEF450B1E9ACC9A002556A7 /* Frameworks */,
				9AEF450C1E9ACC9A002556A7 /* Resources */,
				03EEDEE708EAEE41F312968D /* [CP] Embed Pods Frameworks */,
				9FB5BCD1F5CB92E84C72561B /* [CP] Copy Pods Resources */,
			);
			buildRules = (
			);
			dependencies = (
			);
			name = WebServiceManager;
			productName = WebServiceManager;
			productReference = 9AEF450E1E9ACC9A002556A7 /* WebServiceManager.app */;
			productType = "com.apple.product-type.application";
		};
/* End PBXNativeTarget section */

/* Begin PBXProject section */
		9AEF45061E9ACC9A002556A7 /* Project object */ = {
			isa = PBXProject;
			attributes = {
				LastSwiftUpdateCheck = 0820;
				LastUpgradeCheck = 0820;
				ORGANIZATIONNAME = "Malik Wahaj Ahmed";
				TargetAttributes = {
					9AEF450D1E9ACC9A002556A7 = {
						CreatedOnToolsVersion = 8.2.1;
						ProvisioningStyle = Automatic;
					};
				};
			};
			buildConfigurationList = 9AEF45091E9ACC9A002556A7 /* Build configuration list for PBXProject "WebServiceManager" */;
			compatibilityVersion = "Xcode 3.2";
			developmentRegion = English;
			hasScannedForEncodings = 0;
			knownRegions = (
				en,
				Base,
			);
			mainGroup = 9AEF45051E9ACC9A002556A7;
			productRefGroup = 9AEF450F1E9ACC9A002556A7 /* Products */;
			projectDirPath = "";
			projectRoot = "";
			targets = (
				9AEF450D1E9ACC9A002556A7 /* WebServiceManager */,
			);
		};
/* End PBXProject section */

/* Begin PBXResourcesBuildPhase section */
		9AEF450C1E9ACC9A002556A7 /* Resources */ = {
			isa = PBXResourcesBuildPhase;
			buildActionMask = 2147483647;
			files = (
				9AEF451C1E9ACC9A002556A7 /* LaunchScreen.storyboard in Resources */,
				9AEF45191E9ACC9A002556A7 /* Assets.xcassets in Resources */,
				9AEF45171E9ACC9A002556A7 /* Main.storyboard in Resources */,
			);
			runOnlyForDeploymentPostprocessing = 0;
		};
/* End PBXResourcesBuildPhase section */

/* Begin PBXShellScriptBuildPhase section */
		03EEDEE708EAEE41F312968D /* [CP] Embed Pods Frameworks */ = {
			isa = PBXShellScriptBuildPhase;
			buildActionMask = 2147483647;
			files = (
			);
			inputPaths = (
			);
			name = "[CP] Embed Pods Frameworks";
			outputPaths = (
			);
			runOnlyForDeploymentPostprocessing = 0;
			shellPath = /bin/sh;
			shellScript = "\"${SRCROOT}/Pods/Target Support Files/Pods-WebServiceManager/Pods-WebServiceManager-frameworks.sh\"\n";
			showEnvVarsInLog = 0;
		};
		0D942B60EDFB2B604CF905A2 /* [CP] Check Pods Manifest.lock */ = {
			isa = PBXShellScriptBuildPhase;
			buildActionMask = 2147483647;
			files = (
			);
			inputPaths = (
			);
			name = "[CP] Check Pods Manifest.lock";
			outputPaths = (
			);
			runOnlyForDeploymentPostprocessing = 0;
			shellPath = /bin/sh;
			shellScript = "diff \"${PODS_ROOT}/../Podfile.lock\" \"${PODS_ROOT}/Manifest.lock\" > /dev/null\nif [ $? != 0 ] ; then\n    # print error to STDERR\n    echo \"error: The sandbox is not in sync with the Podfile.lock. Run 'pod install' or update your CocoaPods installation.\" >&2\n    exit 1\nfi\n";
			showEnvVarsInLog = 0;
		};
		9FB5BCD1F5CB92E84C72561B /* [CP] Copy Pods Resources */ = {
			isa = PBXShellScriptBuildPhase;
			buildActionMask = 2147483647;
			files = (
			);
			inputPaths = (
			);
			name = "[CP] Copy Pods Resources";
			outputPaths = (
			);
			runOnlyForDeploymentPostprocessing = 0;
			shellPath = /bin/sh;
			shellScript = "\"${SRCROOT}/Pods/Target Support Files/Pods-WebServiceManager/Pods-WebServiceManager-resources.sh\"\n";
			showEnvVarsInLog = 0;
		};
/* End PBXShellScriptBuildPhase section */

/* Begin PBXSourcesBuildPhase section */
		9AEF450A1E9ACC9A002556A7 /* Sources */ = {
			isa = PBXSourcesBuildPhase;
			buildActionMask = 2147483647;
			files = (
				9AEF45141E9ACC9A002556A7 /* ViewController.swift in Sources */,
				9AEF45121E9ACC9A002556A7 /* AppDelegate.swift in Sources */,
				9AEF45251E9ACFD6002556A7 /* WebServiceManager.swift in Sources */,
				9AEF45271E9AD1BC002556A7 /* Extension.swift in Sources */,
			);
			runOnlyForDeploymentPostprocessing = 0;
		};
/* End PBXSourcesBuildPhase section */

/* Begin PBXVariantGroup section */
		9AEF45151E9ACC9A002556A7 /* Main.storyboard */ = {
			isa = PBXVariantGroup;
			children = (
				9AEF45161E9ACC9A002556A7 /* Base */,
			);
			name = Main.storyboard;
			sourceTree = "<group>";
		};
		9AEF451A1E9ACC9A002556A7 /* LaunchScreen.storyboard */ = {
			isa = PBXVariantGroup;
			children = (
				9AEF451B1E9ACC9A002556A7 /* Base */,
			);
			name = LaunchScreen.storyboard;
			sourceTree = "<group>";
		};
/* End PBXVariantGroup section */

/* Begin XCBuildConfiguration section */
		9AEF451E1E9ACC9A002556A7 /* Debug */ = {
			isa = XCBuildConfiguration;
			buildSettings = {
				ALWAYS_SEARCH_USER_PATHS = NO;
				CLANG_ANALYZER_NONNULL = YES;
				CLANG_CXX_LANGUAGE_STANDARD = "gnu++0x";
				CLANG_CXX_LIBRARY = "libc++";
				CLANG_ENABLE_MODULES = YES;
				CLANG_ENABLE_OBJC_ARC = YES;
				CLANG_WARN_BOOL_CONVERSION = YES;
				CLANG_WARN_CONSTANT_CONVERSION = YES;
				CLANG_WARN_DIRECT_OBJC_ISA_USAGE = YES_ERROR;
				CLANG_WARN_DOCUMENTATION_COMMENTS = YES;
				CLANG_WARN_EMPTY_BODY = YES;
				CLANG_WARN_ENUM_CONVERSION = YES;
				CLANG_WARN_INFINITE_RECURSION = YES;
				CLANG_WARN_INT_CONVERSION = YES;
				CLANG_WARN_OBJC_ROOT_CLASS = YES_ERROR;
				CLANG_WARN_SUSPICIOUS_MOVE = YES;
				CLANG_WARN_UNREACHABLE_CODE = YES;
				CLANG_WARN__DUPLICATE_METHOD_MATCH = YES;
				"CODE_SIGN_IDENTITY[sdk=iphoneos*]" = "iPhone Developer";
				COPY_PHASE_STRIP = NO;
				DEBUG_INFORMATION_FORMAT = dwarf;
				ENABLE_STRICT_OBJC_MSGSEND = YES;
				ENABLE_TESTABILITY = YES;
				GCC_C_LANGUAGE_STANDARD = gnu99;
				GCC_DYNAMIC_NO_PIC = NO;
				GCC_NO_COMMON_BLOCKS = YES;
				GCC_OPTIMIZATION_LEVEL = 0;
				GCC_PREPROCESSOR_DEFINITIONS = (
					"DEBUG=1",
					"$(inherited)",
				);
				GCC_WARN_64_TO_32_BIT_CONVERSION = YES;
				GCC_WARN_ABOUT_RETURN_TYPE = YES_ERROR;
				GCC_WARN_UNDECLARED_SELECTOR = YES;
				GCC_WARN_UNINITIALIZED_AUTOS = YES_AGGRESSIVE;
				GCC_WARN_UNUSED_FUNCTION = YES;
				GCC_WARN_UNUSED_VARIABLE = YES;
				IPHONEOS_DEPLOYMENT_TARGET = 10.2;
				MTL_ENABLE_DEBUG_INFO = YES;
				ONLY_ACTIVE_ARCH = YES;
				SDKROOT = iphoneos;
				SWIFT_ACTIVE_COMPILATION_CONDITIONS = DEBUG;
				SWIFT_OPTIMIZATION_LEVEL = "-Onone";
				TARGETED_DEVICE_FAMILY = "1,2";
			};
			name = Debug;
		};
		9AEF451F1E9ACC9A002556A7 /* Release */ = {
			isa = XCBuildConfiguration;
			buildSettings = {
				ALWAYS_SEARCH_USER_PATHS = NO;
				CLANG_ANALYZER_NONNULL = YES;
				CLANG_CXX_LANGUAGE_STANDARD = "gnu++0x";
				CLANG_CXX_LIBRARY = "libc++";
				CLANG_ENABLE_MODULES = YES;
				CLANG_ENABLE_OBJC_ARC = YES;
				CLANG_WARN_BOOL_CONVERSION = YES;
				CLANG_WARN_CONSTANT_CONVERSION = YES;
				CLANG_WARN_DIRECT_OBJC_ISA_USAGE = YES_ERROR;
				CLANG_WARN_DOCUMENTATION_COMMENTS = YES;
				CLANG_WARN_EMPTY_BODY = YES;
				CLANG_WARN_ENUM_CONVERSION = YES;
				CLANG_WARN_INFINITE_RECURSION = YES;
				CLANG_WARN_INT_CONVERSION = YES;
				CLANG_WARN_OBJC_ROOT_CLASS = YES_ERROR;
				CLANG_WARN_SUSPICIOUS_MOVE = YES;
				CLANG_WARN_UNREACHABLE_CODE = YES;
				CLANG_WARN__DUPLICATE_METHOD_MATCH = YES;
				"CODE_SIGN_IDENTITY[sdk=iphoneos*]" = "iPhone Developer";
				COPY_PHASE_STRIP = NO;
				DEBUG_INFORMATION_FORMAT = "dwarf-with-dsym";
				ENABLE_NS_ASSERTIONS = NO;
				ENABLE_STRICT_OBJC_MSGSEND = YES;
				GCC_C_LANGUAGE_STANDARD = gnu99;
				GCC_NO_COMMON_BLOCKS = YES;
				GCC_WARN_64_TO_32_BIT_CONVERSION = YES;
				GCC_WARN_ABOUT_RETURN_TYPE = YES_ERROR;
				GCC_WARN_UNDECLARED_SELECTOR = YES;
				GCC_WARN_UNINITIALIZED_AUTOS = YES_AGGRESSIVE;
				GCC_WARN_UNUSED_FUNCTION = YES;
				GCC_WARN_UNUSED_VARIABLE = YES;
				IPHONEOS_DEPLOYMENT_TARGET = 10.2;
				MTL_ENABLE_DEBUG_INFO = NO;
				SDKROOT = iphoneos;
				SWIFT_OPTIMIZATION_LEVEL = "-Owholemodule";
				TARGETED_DEVICE_FAMILY = "1,2";
				VALIDATE_PRODUCT = YES;
			};
			name = Release;
		};
		9AEF45211E9ACC9A002556A7 /* Debug */ = {
			isa = XCBuildConfiguration;
			baseConfigurationReference = A48D3380E808B3C31D93BDD5 /* Pods-WebServiceManager.debug.xcconfig */;
			buildSettings = {
				ASSETCATALOG_COMPILER_APPICON_NAME = AppIcon;
				INFOPLIST_FILE = WebServiceManager/Info.plist;
				IPHONEOS_DEPLOYMENT_TARGET = 9.0;
				LD_RUNPATH_SEARCH_PATHS = "$(inherited) @executable_path/Frameworks";
				PRODUCT_BUNDLE_IDENTIFIER = com.app.WebServiceManager;
				PRODUCT_NAME = "$(TARGET_NAME)";
				SWIFT_VERSION = 3.0;
			};
			name = Debug;
		};
		9AEF45221E9ACC9A002556A7 /* Release */ = {
			isa = XCBuildConfiguration;
			baseConfigurationReference = 4B53C9F1C7F1760DE974CEAD /* Pods-WebServiceManager.release.xcconfig */;
			buildSettings = {
				ASSETCATALOG_COMPILER_APPICON_NAME = AppIcon;
				INFOPLIST_FILE = WebServiceManager/Info.plist;
				IPHONEOS_DEPLOYMENT_TARGET = 9.0;
				LD_RUNPATH_SEARCH_PATHS = "$(inherited) @executable_path/Frameworks";
				PRODUCT_BUNDLE_IDENTIFIER = com.app.WebServiceManager;
				PRODUCT_NAME = "$(TARGET_NAME)";
				SWIFT_VERSION = 3.0;
			};
			name = Release;
		};
/* End XCBuildConfiguration section */

/* Begin XCConfigurationList section */
		9AEF45091E9ACC9A002556A7 /* Build configuration list for PBXProject "WebServiceManager" */ = {
			isa = XCConfigurationList;
			buildConfigurations = (
				9AEF451E1E9ACC9A002556A7 /* Debug */,
				9AEF451F1E9ACC9A002556A7 /* Release */,
			);
			defaultConfigurationIsVisible = 0;
			defaultConfigurationName = Release;
		};
		9AEF45201E9ACC9A002556A7 /* Build configuration list for PBXNativeTarget "WebServiceManager" */ = {
			isa = XCConfigurationList;
			buildConfigurations = (
				9AEF45211E9ACC9A002556A7 /* Debug */,
				9AEF45221E9ACC9A002556A7 /* Release */,
			);
			defaultConfigurationIsVisible = 0;
			defaultConfigurationName = Release;
		};
/* End XCConfigurationList section */
	};
	rootObject = 9AEF45061E9ACC9A002556A7 /* Project object */;
}
